
Microsoft Visual Studio Solution File, Format Version 12.00
# Visual Studio Version 17
VisualStudioVersion = 17.3.32825.248
MinimumVisualStudioVersion = 10.0.40219.1
Project("{FAE04EC0-301F-11D3-BF4B-00C04F79EFBC}") = "Avito", "Avito\Avito.csproj", "{B21511FE-28B7-458D-9FB1-C9DAC908CE0A}"
EndProject
Global
	GlobalSection(SolutionConfigurationPlatforms) = preSolution
		Debug|Any CPU = Debug|Any CPU
		Release|Any CPU = Release|Any CPU
	EndGlobalSection
	GlobalSection(ProjectConfigurationPlatforms) = postSolution
		{B21511FE-28B7-458D-9FB1-C9DAC908CE0A}.Debug|Any CPU.ActiveCfg = Debug|Any CPU
		{B21511FE-28B7-458D-9FB1-C9DAC908CE0A}.Debug|Any CPU.Build.0 = Debug|Any CPU
		{B21511FE-28B7-458D-9FB1-C9DAC908CE0A}.Release|Any CPU.ActiveCfg = Release|Any CPU
		{B21511FE-28B7-458D-9FB1-C9DAC908CE0A}.Release|Any CPU.Build.0 = Release|Any CPU
	EndGlobalSection
	GlobalSection(SolutionProperties) = preSolution
		HideSolutionNode = FALSE
	EndGlobalSection
	GlobalSection(ExtensibilityGlobals) = postSolution
		SolutionGuid = {A72DA671-D788-4628-91A8-06E965EDB13A}
	EndGlobalSection
EndGlobal
